
Microsoft Visual Studio Solution File, Format Version 12.00
# Visual Studio Version 16
VisualStudioVersion = 16.0.29403.142
MinimumVisualStudioVersion = 10.0.40219.1
Project("{FAE04EC0-301F-11D3-BF4B-00C04F79EFBC}") = "3.7", "3.7.csproj", "{ECFFE85A-8EDC-444A-81A1-977AD908986E}"
EndProject
Global
	GlobalSection(SolutionConfigurationPlatforms) = preSolution
		Debug|Any CPU = Debug|Any CPU
		Release|Any CPU = Release|Any CPU
	EndGlobalSection
	GlobalSection(ProjectConfigurationPlatforms) = postSolution
		{ECFFE85A-8EDC-444A-81A1-977AD908986E}.Debug|Any CPU.ActiveCfg = Debug|Any CPU
		{ECFFE85A-8EDC-444A-81A1-977AD908986E}.Debug|Any CPU.Build.0 = Debug|Any CPU
		{ECFFE85A-8EDC-444A-81A1-977AD908986E}.Release|Any CPU.ActiveCfg = Release|Any CPU
		{ECFFE85A-8EDC-444A-81A1-977AD908986E}.Release|Any CPU.Build.0 = Release|Any CPU
	EndGlobalSection
	GlobalSection(SolutionProperties) = preSolution
		HideSolutionNode = FALSE
	EndGlobalSection
	GlobalSection(ExtensibilityGlobals) = postSolution
		SolutionGuid = {2D21EC20-7C94-470F-A30B-99F6F78E7827}
	EndGlobalSection
EndGlobal
